
Microsoft Visual Studio Solution File, Format Version 12.00
# Visual Studio 15
VisualStudioVersion = 15.0.27130.2036
MinimumVisualStudioVersion = 10.0.40219.1
Project("{2150E333-8FDC-42A3-9474-1A3956D46DE8}") = "src", "src", "{C2ACA119-C19E-4897-94C5-2E272C292658}"
EndProject
Project("{2150E333-8FDC-42A3-9474-1A3956D46DE8}") = "test", "test", "{9AF25785-D5C4-424E-B9EC-77C935769CC7}"
EndProject
Project("{2150E333-8FDC-42A3-9474-1A3956D46DE8}") = "core", "core", "{3D24F23D-72E4-4CE2-B369-AA55D4CA7DC3}"
EndProject
Project("{FAE04EC0-301F-11D3-BF4B-00C04F79EFBC}") = "DevOpen.Domain", "src\core\DevOpen.Domain\DevOpen.Domain.csproj", "{A121F020-6483-417A-995C-7060AC19EB1A}"
EndProject
Project("{FAE04EC0-301F-11D3-BF4B-00C04F79EFBC}") = "DevOpen.Application", "src\core\DevOpen.Application\DevOpen.Application.csproj", "{22354BAF-DCE0-4FF8-9B29-718320C05788}"
EndProject
Project("{FAE04EC0-301F-11D3-BF4B-00C04F79EFBC}") = "DevOpen.Infrastructure", "src\core\DevOpen.Infrastructure\DevOpen.Infrastructure.csproj", "{82AB91B8-D863-4134-8A54-046B9FD4B0DB}"
EndProject
Project("{2150E333-8FDC-42A3-9474-1A3956D46DE8}") = "hosts", "hosts", "{CE922E71-8CB9-4B11-876F-40BD47024B52}"
EndProject
Project("{FAE04EC0-301F-11D3-BF4B-00C04F79EFBC}") = "DevOpen.Domain.LoanApplication", "src\core\DevOpen.Domain.LoanApplication\DevOpen.Domain.LoanApplication.csproj", "{E59772A4-75C7-4175-A446-8690BCAD1819}"
EndProject
Project("{FAE04EC0-301F-11D3-BF4B-00C04F79EFBC}") = "DevOpen.Hosts.Api", "src\hosts\DevOpen.Hosts.Api\DevOpen.Hosts.Api.csproj", "{AC424BE6-C905-464D-AB8A-803092A33632}"
EndProject
Project("{FAE04EC0-301F-11D3-BF4B-00C04F79EFBC}") = "DevOpen.ReadModel", "src\core\DevOpen.ReadModel\DevOpen.ReadModel.csproj", "{CDFD4A36-500B-47BB-A630-899B4E8A2CB2}"
EndProject
Global
	GlobalSection(SolutionConfigurationPlatforms) = preSolution
		Debug|Any CPU = Debug|Any CPU
		Release|Any CPU = Release|Any CPU
	EndGlobalSection
	GlobalSection(ProjectConfigurationPlatforms) = postSolution
		{A121F020-6483-417A-995C-7060AC19EB1A}.Debug|Any CPU.ActiveCfg = Debug|Any CPU
		{A121F020-6483-417A-995C-7060AC19EB1A}.Debug|Any CPU.Build.0 = Debug|Any CPU
		{A121F020-6483-417A-995C-7060AC19EB1A}.Release|Any CPU.ActiveCfg = Release|Any CPU
		{A121F020-6483-417A-995C-7060AC19EB1A}.Release|Any CPU.Build.0 = Release|Any CPU
		{22354BAF-DCE0-4FF8-9B29-718320C05788}.Debug|Any CPU.ActiveCfg = Debug|Any CPU
		{22354BAF-DCE0-4FF8-9B29-718320C05788}.Debug|Any CPU.Build.0 = Debug|Any CPU
		{22354BAF-DCE0-4FF8-9B29-718320C05788}.Release|Any CPU.ActiveCfg = Release|Any CPU
		{22354BAF-DCE0-4FF8-9B29-718320C05788}.Release|Any CPU.Build.0 = Release|Any CPU
		{82AB91B8-D863-4134-8A54-046B9FD4B0DB}.Debug|Any CPU.ActiveCfg = Debug|Any CPU
		{82AB91B8-D863-4134-8A54-046B9FD4B0DB}.Debug|Any CPU.Build.0 = Debug|Any CPU
		{82AB91B8-D863-4134-8A54-046B9FD4B0DB}.Release|Any CPU.ActiveCfg = Release|Any CPU
		{82AB91B8-D863-4134-8A54-046B9FD4B0DB}.Release|Any CPU.Build.0 = Release|Any CPU
		{E59772A4-75C7-4175-A446-8690BCAD1819}.Debug|Any CPU.ActiveCfg = Debug|Any CPU
		{E59772A4-75C7-4175-A446-8690BCAD1819}.Debug|Any CPU.Build.0 = Debug|Any CPU
		{E59772A4-75C7-4175-A446-8690BCAD1819}.Release|Any CPU.ActiveCfg = Release|Any CPU
		{E59772A4-75C7-4175-A446-8690BCAD1819}.Release|Any CPU.Build.0 = Release|Any CPU
		{AC424BE6-C905-464D-AB8A-803092A33632}.Debug|Any CPU.ActiveCfg = Debug|Any CPU
		{AC424BE6-C905-464D-AB8A-803092A33632}.Debug|Any CPU.Build.0 = Debug|Any CPU
		{AC424BE6-C905-464D-AB8A-803092A33632}.Release|Any CPU.ActiveCfg = Release|Any CPU
		{AC424BE6-C905-464D-AB8A-803092A33632}.Release|Any CPU.Build.0 = Release|Any CPU
		{CDFD4A36-500B-47BB-A630-899B4E8A2CB2}.Debug|Any CPU.ActiveCfg = Debug|Any CPU
		{CDFD4A36-500B-47BB-A630-899B4E8A2CB2}.Debug|Any CPU.Build.0 = Debug|Any CPU
		{CDFD4A36-500B-47BB-A630-899B4E8A2CB2}.Release|Any CPU.ActiveCfg = Release|Any CPU
		{CDFD4A36-500B-47BB-A630-899B4E8A2CB2}.Release|Any CPU.Build.0 = Release|Any CPU
	EndGlobalSection
	GlobalSection(SolutionProperties) = preSolution
		HideSolutionNode = FALSE
	EndGlobalSection
	GlobalSection(NestedProjects) = preSolution
		{3D24F23D-72E4-4CE2-B369-AA55D4CA7DC3} = {C2ACA119-C19E-4897-94C5-2E272C292658}
		{A121F020-6483-417A-995C-7060AC19EB1A} = {3D24F23D-72E4-4CE2-B369-AA55D4CA7DC3}
		{22354BAF-DCE0-4FF8-9B29-718320C05788} = {3D24F23D-72E4-4CE2-B369-AA55D4CA7DC3}
		{82AB91B8-D863-4134-8A54-046B9FD4B0DB} = {3D24F23D-72E4-4CE2-B369-AA55D4CA7DC3}
		{CE922E71-8CB9-4B11-876F-40BD47024B52} = {C2ACA119-C19E-4897-94C5-2E272C292658}
		{E59772A4-75C7-4175-A446-8690BCAD1819} = {3D24F23D-72E4-4CE2-B369-AA55D4CA7DC3}
		{AC424BE6-C905-464D-AB8A-803092A33632} = {CE922E71-8CB9-4B11-876F-40BD47024B52}
		{CDFD4A36-500B-47BB-A630-899B4E8A2CB2} = {3D24F23D-72E4-4CE2-B369-AA55D4CA7DC3}
	EndGlobalSection
	GlobalSection(ExtensibilityGlobals) = postSolution
		SolutionGuid = {42F20AC3-A69D-4DA5-8846-1B8A7698316A}
	EndGlobalSection
EndGlobal
